
Microsoft Visual Studio Solution File, Format Version 12.00
# Visual Studio Version 17
VisualStudioVersion = 17.0.31919.166
MinimumVisualStudioVersion = 10.0.40219.1
Project("{9A19103F-16F7-4668-BE54-9A1E7A4F7556}") = "IdentityApi", "IdentityApi\IdentityApi.csproj", "{37918B42-5142-48E6-B093-F803357AE5C8}"
EndProject
Project("{FAE04EC0-301F-11D3-BF4B-00C04F79EFBC}") = "Infrastructure.Identity", "Infrastructure.Identity\Infrastructure.Identity.csproj", "{049E63AE-C0AD-4F07-9C6B-E8A4F057AF39}"
EndProject
Project("{FAE04EC0-301F-11D3-BF4B-00C04F79EFBC}") = "Infrastructure.Shared", "Infrastructure.Shared\Infrastructure.Shared.csproj", "{9E98002E-D0B2-410E-9037-893A385F5752}"
EndProject
Global
	GlobalSection(SolutionConfigurationPlatforms) = preSolution
		Debug|Any CPU = Debug|Any CPU
		Release|Any CPU = Release|Any CPU
	EndGlobalSection
	GlobalSection(ProjectConfigurationPlatforms) = postSolution
		{37918B42-5142-48E6-B093-F803357AE5C8}.Debug|Any CPU.ActiveCfg = Debug|Any CPU
		{37918B42-5142-48E6-B093-F803357AE5C8}.Debug|Any CPU.Build.0 = Debug|Any CPU
		{37918B42-5142-48E6-B093-F803357AE5C8}.Release|Any CPU.ActiveCfg = Release|Any CPU
		{37918B42-5142-48E6-B093-F803357AE5C8}.Release|Any CPU.Build.0 = Release|Any CPU
		{049E63AE-C0AD-4F07-9C6B-E8A4F057AF39}.Debug|Any CPU.ActiveCfg = Debug|Any CPU
		{049E63AE-C0AD-4F07-9C6B-E8A4F057AF39}.Debug|Any CPU.Build.0 = Debug|Any CPU
		{049E63AE-C0AD-4F07-9C6B-E8A4F057AF39}.Release|Any CPU.ActiveCfg = Release|Any CPU
		{049E63AE-C0AD-4F07-9C6B-E8A4F057AF39}.Release|Any CPU.Build.0 = Release|Any CPU
		{9E98002E-D0B2-410E-9037-893A385F5752}.Debug|Any CPU.ActiveCfg = Debug|Any CPU
		{9E98002E-D0B2-410E-9037-893A385F5752}.Debug|Any CPU.Build.0 = Debug|Any CPU
		{9E98002E-D0B2-410E-9037-893A385F5752}.Release|Any CPU.ActiveCfg = Release|Any CPU
		{9E98002E-D0B2-410E-9037-893A385F5752}.Release|Any CPU.Build.0 = Release|Any CPU
	EndGlobalSection
	GlobalSection(SolutionProperties) = preSolution
		HideSolutionNode = FALSE
	EndGlobalSection
	GlobalSection(ExtensibilityGlobals) = postSolution
		SolutionGuid = {B23ECC77-0C67-4824-91E8-4A0120B94623}
	EndGlobalSection
EndGlobal
